// !$*UTF8*$!
{
	archiveVersion = 1;
	classes = {
	};
	objectVersion = 46;
	objects = {

/* Begin PBXBuildFile section */
		B22A5ED81E5B1326000F6251 /* main.m in Sources */ = {isa = PBXBuildFile; fileRef = B22A5ED71E5B1326000F6251 /* main.m */; };
		B22A5EDB1E5B1326000F6251 /* AppDelegate.m in Sources */ = {isa = PBXBuildFile; fileRef = B22A5EDA1E5B1326000F6251 /* AppDelegate.m */; };
		B22A5EDE1E5B1326000F6251 /* ViewController.m in Sources */ = {isa = PBXBuildFile; fileRef = B22A5EDD1E5B1326000F6251 /* ViewController.m */; };
		B22A5EE11E5B1326000F6251 /* Main.storyboard in Resources */ = {isa = PBXBuildFile; fileRef = B22A5EDF1E5B1326000F6251 /* Main.storyboard */; };
		B22A5EE31E5B1326000F6251 /* Assets.xcassets in Resources */ = {isa = PBXBuildFile; fileRef = B22A5EE21E5B1326000F6251 /* Assets.xcassets */; };
		B22A5EE61E5B1326000F6251 /* LaunchScreen.storyboard in Resources */ = {isa = PBXBuildFile; fileRef = B22A5EE41E5B1326000F6251 /* LaunchScreen.storyboard */; };
		B22A5EF11E5B1326000F6251 /* NavigationBarTests.m in Sources */ = {isa = PBXBuildFile; fileRef = B22A5EF01E5B1326000F6251 /* NavigationBarTests.m */; };
		B22A5EFC1E5B1326000F6251 /* NavigationBarUITests.m in Sources */ = {isa = PBXBuildFile; fileRef = B22A5EFB1E5B1326000F6251 /* NavigationBarUITests.m */; };
/* End PBXBuildFile section */

/* Begin PBXContainerItemProxy section */
		B22A5EED1E5B1326000F6251 /* PBXContainerItemProxy */ = {
			isa = PBXContainerItemProxy;
			containerPortal = B22A5ECB1E5B1326000F6251 /* Project object */;
			proxyType = 1;
			remoteGlobalIDString = B22A5ED21E5B1326000F6251;
			remoteInfo = NavigationBar;
		};
		B22A5EF81E5B1326000F6251 /* PBXContainerItemProxy */ = {
			isa = PBXContainerItemProxy;
			containerPortal = B22A5ECB1E5B1326000F6251 /* Project object */;
			proxyType = 1;
			remoteGlobalIDString = B22A5ED21E5B1326000F6251;
			remoteInfo = NavigationBar;
		};
/* End PBXContainerItemProxy section */

/* Begin PBXFileReference section */
		B22A5ED31E5B1326000F6251 /* NavigationBar.app */ = {isa = PBXFileReference; explicitFileType = wrapper.application; includeInIndex = 0; path = NavigationBar.app; sourceTree = BUILT_PRODUCTS_DIR; };
		B22A5ED71E5B1326000F6251 /* main.m */ = {isa = PBXFileReference; lastKnownFileType = sourcecode.c.objc; path = main.m; sourceTree = "<group>"; };
		B22A5ED91E5B1326000F6251 /* AppDelegate.h */ = {isa = PBXFileReference; lastKnownFileType = sourcecode.c.h; path = AppDelegate.h; sourceTree = "<group>"; };
		B22A5EDA1E5B1326000F6251 /* AppDelegate.m */ = {isa = PBXFileReference; lastKnownFileType = sourcecode.c.objc; path = AppDelegate.m; sourceTree = "<group>"; };
		B22A5EDC1E5B1326000F6251 /* ViewController.h */ = {isa = PBXFileReference; lastKnownFileType = sourcecode.c.h; path = ViewController.h; sourceTree = "<group>"; };
		B22A5EDD1E5B1326000F6251 /* ViewController.m */ = {isa = PBXFileReference; lastKnownFileType = sourcecode.c.objc; path = ViewController.m; sourceTree = "<group>"; };
		B22A5EE01E5B1326000F6251 /* Base */ = {isa = PBXFileReference; lastKnownFileType = file.storyboard; name = Base; path = Base.lproj/Main.storyboard; sourceTree = "<group>"; };
		B22A5EE21E5B1326000F6251 /* Assets.xcassets */ = {isa = PBXFileReference; lastKnownFileType = folder.assetcatalog; path = Assets.xcassets; sourceTree = "<group>"; };
		B22A5EE51E5B1326000F6251 /* Base */ = {isa = PBXFileReference; lastKnownFileType = file.storyboard; name = Base; path = Base.lproj/LaunchScreen.storyboard; sourceTree = "<group>"; };
		B22A5EE71E5B1326000F6251 /* Info.plist */ = {isa = PBXFileReference; lastKnownFileType = text.plist.xml; path = Info.plist; sourceTree = "<group>"; };
		B22A5EEC1E5B1326000F6251 /* NavigationBarTests.xctest */ = {isa = PBXFileReference; explicitFileType = wrapper.cfbundle; includeInIndex = 0; path = NavigationBarTests.xctest; sourceTree = BUILT_PRODUCTS_DIR; };
		B22A5EF01E5B1326000F6251 /* NavigationBarTests.m */ = {isa = PBXFileReference; lastKnownFileType = sourcecode.c.objc; path = NavigationBarTests.m; sourceTree = "<group>"; };
		B22A5EF21E5B1326000F6251 /* Info.plist */ = {isa = PBXFileReference; lastKnownFileType = text.plist.xml; path = Info.plist; sourceTree = "<group>"; };
		B22A5EF71E5B1326000F6251 /* NavigationBarUITests.xctest */ = {isa = PBXFileReference; explicitFileType = wrapper.cfbundle; includeInIndex = 0; path = NavigationBarUITests.xctest; sourceTree = BUILT_PRODUCTS_DIR; };
		B22A5EFB1E5B1326000F6251 /* NavigationBarUITests.m */ = {isa = PBXFileReference; lastKnownFileType = sourcecode.c.objc; path = NavigationBarUITests.m; sourceTree = "<group>"; };
		B22A5EFD1E5B1326000F6251 /* Info.plist */ = {isa = PBXFileReference; lastKnownFileType = text.plist.xml; path = Info.plist; sourceTree = "<group>"; };
/* End PBXFileReference section */

/* Begin PBXFrameworksBuildPhase section */
		B22A5ED01E5B1326000F6251 /* Frameworks */ = {
			isa = PBXFrameworksBuildPhase;
			buildActionMask = 2147483647;
			files = (
			);
			runOnlyForDeploymentPostprocessing = 0;
		};
		B22A5EE91E5B1326000F6251 /* Frameworks */ = {
			isa = PBXFrameworksBuildPhase;
			buildActionMask = 2147483647;
			files = (
			);
			runOnlyForDeploymentPostprocessing = 0;
		};
		B22A5EF41E5B1326000F6251 /* Frameworks */ = {
			isa = PBXFrameworksBuildPhase;
			buildActionMask = 2147483647;
			files = (
			);
			runOnlyForDeploymentPostprocessing = 0;
		};
/* End PBXFrameworksBuildPhase section */

/* Begin PBXGroup section */
		B22A5ECA1E5B1326000F6251 = {
			isa = PBXGroup;
			children = (
				B22A5ED51E5B1326000F6251 /* NavigationBar */,
				B22A5EEF1E5B1326000F6251 /* NavigationBarTests */,
				B22A5EFA1E5B1326000F6251 /* NavigationBarUITests */,
				B22A5ED41E5B1326000F6251 /* Products */,
			);
			sourceTree = "<group>";
		};
		B22A5ED41E5B1326000F6251 /* Products */ = {
			isa = PBXGroup;
			children = (
				B22A5ED31E5B1326000F6251 /* NavigationBar.app */,
				B22A5EEC1E5B1326000F6251 /* NavigationBarTests.xctest */,
				B22A5EF71E5B1326000F6251 /* NavigationBarUITests.xctest */,
			);
			name = Products;
			sourceTree = "<group>";
		};
		B22A5ED51E5B1326000F6251 /* NavigationBar */ = {
			isa = PBXGroup;
			children = (
				B22A5ED91E5B1326000F6251 /* AppDelegate.h */,
				B22A5EDA1E5B1326000F6251 /* AppDelegate.m */,
				B22A5EDC1E5B1326000F6251 /* ViewController.h */,
				B22A5EDD1E5B1326000F6251 /* ViewController.m */,
				B22A5EDF1E5B1326000F6251 /* Main.storyboard */,
				B22A5EE21E5B1326000F6251 /* Assets.xcassets */,
				B22A5EE41E5B1326000F6251 /* LaunchScreen.storyboard */,
				B22A5EE71E5B1326000F6251 /* Info.plist */,
				B22A5ED61E5B1326000F6251 /* Supporting Files */,
			);
			path = NavigationBar;
			sourceTree = "<group>";
		};
		B22A5ED61E5B1326000F6251 /* Supporting Files */ = {
			isa = PBXGroup;
			children = (
				B22A5ED71E5B1326000F6251 /* main.m */,
			);
			name = "Supporting Files";
			sourceTree = "<group>";
		};
		B22A5EEF1E5B1326000F6251 /* NavigationBarTests */ = {
			isa = PBXGroup;
			children = (
				B22A5EF01E5B1326000F6251 /* NavigationBarTests.m */,
				B22A5EF21E5B1326000F6251 /* Info.plist */,
			);
			path = NavigationBarTests;
			sourceTree = "<group>";
		};
		B22A5EFA1E5B1326000F6251 /* NavigationBarUITests */ = {
			isa = PBXGroup;
			children = (
				B22A5EFB1E5B1326000F6251 /* NavigationBarUITests.m */,
				B22A5EFD1E5B1326000F6251 /* Info.plist */,
			);
			path = NavigationBarUITests;
			sourceTree = "<group>";
		};
/* End PBXGroup section */

/* Begin PBXNativeTarget section */
		B22A5ED21E5B1326000F6251 /* NavigationBar */ = {
			isa = PBXNativeTarget;
			buildConfigurationList = B22A5F001E5B1326000F6251 /* Build configuration list for PBXNativeTarget "NavigationBar" */;
			buildPhases = (
				B22A5ECF1E5B1326000F6251 /* Sources */,
				B22A5ED01E5B1326000F6251 /* Frameworks */,
				B22A5ED11E5B1326000F6251 /* Resources */,
			);
			buildRules = (
			);
			dependencies = (
			);
			name = NavigationBar;
			productName = NavigationBar;
			productReference = B22A5ED31E5B1326000F6251 /* NavigationBar.app */;
			productType = "com.apple.product-type.application";
		};
		B22A5EEB1E5B1326000F6251 /* NavigationBarTests */ = {
			isa = PBXNativeTarget;
			buildConfigurationList = B22A5F031E5B1326000F6251 /* Build configuration list for PBXNativeTarget "NavigationBarTests" */;
			buildPhases = (
				B22A5EE81E5B1326000F6251 /* Sources */,
				B22A5EE91E5B1326000F6251 /* Frameworks */,
				B22A5EEA1E5B1326000F6251 /* Resources */,
			);
			buildRules = (
			);
			dependencies = (
				B22A5EEE1E5B1326000F6251 /* PBXTargetDependency */,
			);
			name = NavigationBarTests;
			productName = NavigationBarTests;
			productReference = B22A5EEC1E5B1326000F6251 /* NavigationBarTests.xctest */;
			productType = "com.apple.product-type.bundle.unit-test";
		};
		B22A5EF61E5B1326000F6251 /* NavigationBarUITests */ = {
			isa = PBXNativeTarget;
			buildConfigurationList = B22A5F061E5B1326000F6251 /* Build configuration list for PBXNativeTarget "NavigationBarUITests" */;
			buildPhases = (
				B22A5EF31E5B1326000F6251 /* Sources */,
				B22A5EF41E5B1326000F6251 /* Frameworks */,
				B22A5EF51E5B1326000F6251 /* Resources */,
			);
			buildRules = (
			);
			dependencies = (
				B22A5EF91E5B1326000F6251 /* PBXTargetDependency */,
			);
			name = NavigationBarUITests;
			productName = NavigationBarUITests;
			productReference = B22A5EF71E5B1326000F6251 /* NavigationBarUITests.xctest */;
			productType = "com.apple.product-type.bundle.ui-testing";
		};
/* End PBXNativeTarget section */

/* Begin PBXProject section */
		B22A5ECB1E5B1326000F6251 /* Project object */ = {
			isa = PBXProject;
			attributes = {
				LastUpgradeCheck = 0820;
				ORGANIZATIONNAME = mathewchen;
				TargetAttributes = {
					B22A5ED21E5B1326000F6251 = {
						CreatedOnToolsVersion = 8.2.1;
						ProvisioningStyle = Automatic;
					};
					B22A5EEB1E5B1326000F6251 = {
						CreatedOnToolsVersion = 8.2.1;
						ProvisioningStyle = Automatic;
						TestTargetID = B22A5ED21E5B1326000F6251;
					};
					B22A5EF61E5B1326000F6251 = {
						CreatedOnToolsVersion = 8.2.1;
						ProvisioningStyle = Automatic;
						TestTargetID = B22A5ED21E5B1326000F6251;
					};
				};
			};
			buildConfigurationList = B22A5ECE1E5B1326000F6251 /* Build configuration list for PBXProject "NavigationBar" */;
			compatibilityVersion = "Xcode 3.2";
			developmentRegion = English;
			hasScannedForEncodings = 0;
			knownRegions = (
				en,
				Base,
			);
			mainGroup = B22A5ECA1E5B1326000F6251;
			productRefGroup = B22A5ED41E5B1326000F6251 /* Products */;
			projectDirPath = "";
			projectRoot = "";
			targets = (
				B22A5ED21E5B1326000F6251 /* NavigationBar */,
				B22A5EEB1E5B1326000F6251 /* NavigationBarTests */,
				B22A5EF61E5B1326000F6251 /* NavigationBarUITests */,
			);
		};
/* End PBXProject section */

/* Begin PBXResourcesBuildPhase section */
		B22A5ED11E5B1326000F6251 /* Resources */ = {
			isa = PBXResourcesBuildPhase;
			buildActionMask = 2147483647;
			files = (
				B22A5EE61E5B1326000F6251 /* LaunchScreen.storyboard in Resources */,
				B22A5EE31E5B1326000F6251 /* Assets.xcassets in Resources */,
				B22A5EE11E5B1326000F6251 /* Main.storyboard in Resources */,
			);
			runOnlyForDeploymentPostprocessing = 0;
		};
		B22A5EEA1E5B1326000F6251 /* Resources */ = {
			isa = PBXResourcesBuildPhase;
			buildActionMask = 2147483647;
			files = (
			);
			runOnlyForDeploymentPostprocessing = 0;
		};
		B22A5EF51E5B1326000F6251 /* Resources */ = {
			isa = PBXResourcesBuildPhase;
			buildActionMask = 2147483647;
			files = (
			);
			runOnlyForDeploymentPostprocessing = 0;
		};
/* End PBXResourcesBuildPhase section */

/* Begin PBXSourcesBuildPhase section */
		B22A5ECF1E5B1326000F6251 /* Sources */ = {
			isa = PBXSourcesBuildPhase;
			buildActionMask = 2147483647;
			files = (
				B22A5EDE1E5B1326000F6251 /* ViewController.m in Sources */,
				B22A5EDB1E5B1326000F6251 /* AppDelegate.m in Sources */,
				B22A5ED81E5B1326000F6251 /* main.m in Sources */,
			);
			runOnlyForDeploymentPostprocessing = 0;
		};
		B22A5EE81E5B1326000F6251 /* Sources */ = {
			isa = PBXSourcesBuildPhase;
			buildActionMask = 2147483647;
			files = (
				B22A5EF11E5B1326000F6251 /* NavigationBarTests.m in Sources */,
			);
			runOnlyForDeploymentPostprocessing = 0;
		};
		B22A5EF31E5B1326000F6251 /* Sources */ = {
			isa = PBXSourcesBuildPhase;
			buildActionMask = 2147483647;
			files = (
				B22A5EFC1E5B1326000F6251 /* NavigationBarUITests.m in Sources */,
			);
			runOnlyForDeploymentPostprocessing = 0;
		};
/* End PBXSourcesBuildPhase section */

/* Begin PBXTargetDependency section */
		B22A5EEE1E5B1326000F6251 /* PBXTargetDependency */ = {
			isa = PBXTargetDependency;
			target = B22A5ED21E5B1326000F6251 /* NavigationBar */;
			targetProxy = B22A5EED1E5B1326000F6251 /* PBXContainerItemProxy */;
		};
		B22A5EF91E5B1326000F6251 /* PBXTargetDependency */ = {
			isa = PBXTargetDependency;
			target = B22A5ED21E5B1326000F6251 /* NavigationBar */;
			targetProxy = B22A5EF81E5B1326000F6251 /* PBXContainerItemProxy */;
		};
/* End PBXTargetDependency section */

/* Begin PBXVariantGroup section */
		B22A5EDF1E5B1326000F6251 /* Main.storyboard */ = {
			isa = PBXVariantGroup;
			children = (
				B22A5EE01E5B1326000F6251 /* Base */,
			);
			name = Main.storyboard;
			sourceTree = "<group>";
		};
		B22A5EE41E5B1326000F6251 /* LaunchScreen.storyboard */ = {
			isa = PBXVariantGroup;
			children = (
				B22A5EE51E5B1326000F6251 /* Base */,
			);
			name = LaunchScreen.storyboard;
			sourceTree = "<group>";
		};
/* End PBXVariantGroup section */

/* Begin XCBuildConfiguration section */
		B22A5EFE1E5B1326000F6251 /* Debug */ = {
			isa = XCBuildConfiguration;
			buildSettings = {
				ALWAYS_SEARCH_USER_PATHS = NO;
				CLANG_ANALYZER_NONNULL = YES;
				CLANG_CXX_LANGUAGE_STANDARD = "gnu++0x";
				CLANG_CXX_LIBRARY = "libc++";
				CLANG_ENABLE_MODULES = YES;
				CLANG_ENABLE_OBJC_ARC = YES;
				CLANG_WARN_BOOL_CONVERSION = YES;
				CLANG_WARN_CONSTANT_CONVERSION = YES;
				CLANG_WARN_DIRECT_OBJC_ISA_USAGE = YES_ERROR;
				CLANG_WARN_DOCUMENTATION_COMMENTS = YES;
				CLANG_WARN_EMPTY_BODY = YES;
				CLANG_WARN_ENUM_CONVERSION = YES;
				CLANG_WARN_INFINITE_RECURSION = YES;
				CLANG_WARN_INT_CONVERSION = YES;
				CLANG_WARN_OBJC_ROOT_CLASS = YES_ERROR;
				CLANG_WARN_SUSPICIOUS_MOVE = YES;
				CLANG_WARN_UNREACHABLE_CODE = YES;
				CLANG_WARN__DUPLICATE_METHOD_MATCH = YES;
				"CODE_SIGN_IDENTITY[sdk=iphoneos*]" = "iPhone Developer";
				COPY_PHASE_STRIP = NO;
				DEBUG_INFORMATION_FORMAT = dwarf;
				ENABLE_STRICT_OBJC_MSGSEND = YES;
				ENABLE_TESTABILITY = YES;
				GCC_C_LANGUAGE_STANDARD = gnu99;
				GCC_DYNAMIC_NO_PIC = NO;
				GCC_NO_COMMON_BLOCKS = YES;
				GCC_OPTIMIZATION_LEVEL = 0;
				GCC_PREPROCESSOR_DEFINITIONS = (
					"DEBUG=1",
					"$(inherited)",
				);
				GCC_WARN_64_TO_32_BIT_CONVERSION = YES;
				GCC_WARN_ABOUT_RETURN_TYPE = YES_ERROR;
				GCC_WARN_UNDECLARED_SELECTOR = YES;
				GCC_WARN_UNINITIALIZED_AUTOS = YES_AGGRESSIVE;
				GCC_WARN_UNUSED_FUNCTION = YES;
				GCC_WARN_UNUSED_VARIABLE = YES;
				IPHONEOS_DEPLOYMENT_TARGET = 10.2;
				MTL_ENABLE_DEBUG_INFO = YES;
				ONLY_ACTIVE_ARCH = YES;
				SDKROOT = iphoneos;
			};
			name = Debug;
		};
		B22A5EFF1E5B1326000F6251 /* Release */ = {
			isa = XCBuildConfiguration;
			buildSettings = {
				ALWAYS_SEARCH_USER_PATHS = NO;
				CLANG_ANALYZER_NONNULL = YES;
				CLANG_CXX_LANGUAGE_STANDARD = "gnu++0x";
				CLANG_CXX_LIBRARY = "libc++";
				CLANG_ENABLE_MODULES = YES;
				CLANG_ENABLE_OBJC_ARC = YES;
				CLANG_WARN_BOOL_CONVERSION = YES;
				CLANG_WARN_CONSTANT_CONVERSION = YES;
				CLANG_WARN_DIRECT_OBJC_ISA_USAGE = YES_ERROR;
				CLANG_WARN_DOCUMENTATION_COMMENTS = YES;
				CLANG_WARN_EMPTY_BODY = YES;
				CLANG_WARN_ENUM_CONVERSION = YES;
				CLANG_WARN_INFINITE_RECURSION = YES;
				CLANG_WARN_INT_CONVERSION = YES;
				CLANG_WARN_OBJC_ROOT_CLASS = YES_ERROR;
				CLANG_WARN_SUSPICIOUS_MOVE = YES;
				CLANG_WARN_UNREACHABLE_CODE = YES;
				CLANG_WARN__DUPLICATE_METHOD_MATCH = YES;
				"CODE_SIGN_IDENTITY[sdk=iphoneos*]" = "iPhone Developer";
				COPY_PHASE_STRIP = NO;
				DEBUG_INFORMATION_FORMAT = "dwarf-with-dsym";
				ENABLE_NS_ASSERTIONS = NO;
				ENABLE_STRICT_OBJC_MSGSEND = YES;
				GCC_C_LANGUAGE_STANDARD = gnu99;
				GCC_NO_COMMON_BLOCKS = YES;
				GCC_WARN_64_TO_32_BIT_CONVERSION = YES;
				GCC_WARN_ABOUT_RETURN_TYPE = YES_ERROR;
				GCC_WARN_UNDECLARED_SELECTOR = YES;
				GCC_WARN_UNINITIALIZED_AUTOS = YES_AGGRESSIVE;
				GCC_WARN_UNUSED_FUNCTION = YES;
				GCC_WARN_UNUSED_VARIABLE = YES;
				IPHONEOS_DEPLOYMENT_TARGET = 10.2;
				MTL_ENABLE_DEBUG_INFO = NO;
				SDKROOT = iphoneos;
				VALIDATE_PRODUCT = YES;
			};
			name = Release;
		};
		B22A5F011E5B1326000F6251 /* Debug */ = {
			isa = XCBuildConfiguration;
			buildSettings = {
				ASSETCATALOG_COMPILER_APPICON_NAME = AppIcon;
				INFOPLIST_FILE = NavigationBar/Info.plist;
				LD_RUNPATH_SEARCH_PATHS = "$(inherited) @executable_path/Frameworks";
				PRODUCT_BUNDLE_IDENTIFIER = example.NavigationBar;
				PRODUCT_NAME = "$(TARGET_NAME)";
			};
			name = Debug;
		};
		B22A5F021E5B1326000F6251 /* Release */ = {
			isa = XCBuildConfiguration;
			buildSettings = {
				ASSETCATALOG_COMPILER_APPICON_NAME = AppIcon;
				INFOPLIST_FILE = NavigationBar/Info.plist;
				LD_RUNPATH_SEARCH_PATHS = "$(inherited) @executable_path/Frameworks";
				PRODUCT_BUNDLE_IDENTIFIER = example.NavigationBar;
				PRODUCT_NAME = "$(TARGET_NAME)";
			};
			name = Release;
		};
		B22A5F041E5B1326000F6251 /* Debug */ = {
			isa = XCBuildConfiguration;
			buildSettings = {
				BUNDLE_LOADER = "$(TEST_HOST)";
				INFOPLIST_FILE = NavigationBarTests/Info.plist;
				LD_RUNPATH_SEARCH_PATHS = "$(inherited) @executable_path/Frameworks @loader_path/Frameworks";
				PRODUCT_BUNDLE_IDENTIFIER = example.NavigationBarTests;
				PRODUCT_NAME = "$(TARGET_NAME)";
				TEST_HOST = "$(BUILT_PRODUCTS_DIR)/NavigationBar.app/NavigationBar";
			};
			name = Debug;
		};
		B22A5F051E5B1326000F6251 /* Release */ = {
			isa = XCBuildConfiguration;
			buildSettings = {
				BUNDLE_LOADER = "$(TEST_HOST)";
				INFOPLIST_FILE = NavigationBarTests/Info.plist;
				LD_RUNPATH_SEARCH_PATHS = "$(inherited) @executable_path/Frameworks @loader_path/Frameworks";
				PRODUCT_BUNDLE_IDENTIFIER = example.NavigationBarTests;
				PRODUCT_NAME = "$(TARGET_NAME)";
				TEST_HOST = "$(BUILT_PRODUCTS_DIR)/NavigationBar.app/NavigationBar";
			};
			name = Release;
		};
		B22A5F071E5B1326000F6251 /* Debug */ = {
			isa = XCBuildConfiguration;
			buildSettings = {
				INFOPLIST_FILE = NavigationBarUITests/Info.plist;
				LD_RUNPATH_SEARCH_PATHS = "$(inherited) @executable_path/Frameworks @loader_path/Frameworks";
				PRODUCT_BUNDLE_IDENTIFIER = example.NavigationBarUITests;
				PRODUCT_NAME = "$(TARGET_NAME)";
				TEST_TARGET_NAME = NavigationBar;
			};
			name = Debug;
		};
		B22A5F081E5B1326000F6251 /* Release */ = {
			isa = XCBuildConfiguration;
			buildSettings = {
				INFOPLIST_FILE = NavigationBarUITests/Info.plist;
				LD_RUNPATH_SEARCH_PATHS = "$(inherited) @executable_path/Frameworks @loader_path/Frameworks";
				PRODUCT_BUNDLE_IDENTIFIER = example.NavigationBarUITests;
				PRODUCT_NAME = "$(TARGET_NAME)";
				TEST_TARGET_NAME = NavigationBar;
			};
			name = Release;
		};
/* End XCBuildConfiguration section */

/* Begin XCConfigurationList section */
		B22A5ECE1E5B1326000F6251 /* Build configuration list for PBXProject "NavigationBar" */ = {
			isa = XCConfigurationList;
			buildConfigurations = (
				B22A5EFE1E5B1326000F6251 /* Debug */,
				B22A5EFF1E5B1326000F6251 /* Release */,
			);
			defaultConfigurationIsVisible = 0;
			defaultConfigurationName = Release;
		};
		B22A5F001E5B1326000F6251 /* Build configuration list for PBXNativeTarget "NavigationBar" */ = {
			isa = XCConfigurationList;
			buildConfigurations = (
				B22A5F011E5B1326000F6251 /* Debug */,
				B22A5F021E5B1326000F6251 /* Release */,
			);
			defaultConfigurationIsVisible = 0;
		};
		B22A5F031E5B1326000F6251 /* Build configuration list for PBXNativeTarget "NavigationBarTests" */ = {
			isa = XCConfigurationList;
			buildConfigurations = (
				B22A5F041E5B1326000F6251 /* Debug */,
				B22A5F051E5B1326000F6251 /* Release */,
			);
			defaultConfigurationIsVisible = 0;
		};
		B22A5F061E5B1326000F6251 /* Build configuration list for PBXNativeTarget "NavigationBarUITests" */ = {
			isa = XCConfigurationList;
			buildConfigurations = (
				B22A5F071E5B1326000F6251 /* Debug */,
				B22A5F081E5B1326000F6251 /* Release */,
			);
			defaultConfigurationIsVisible = 0;
		};
/* End XCConfigurationList section */
	};
	rootObject = B22A5ECB1E5B1326000F6251 /* Project object */;
}
